// !$*UTF8*$!
{
	archiveVersion = 1;
	classes = {
	};
	objectVersion = 46;
	objects = {

/* Begin PBXBuildFile section */
		C8429DC31F3413D3003BBC58 /* main.m in Sources */ = {isa = PBXBuildFile; fileRef = C8429DC21F3413D3003BBC58 /* main.m */; };
		C8429DC61F3413D3003BBC58 /* AppDelegate.m in Sources */ = {isa = PBXBuildFile; fileRef = C8429DC51F3413D3003BBC58 /* AppDelegate.m */; };
		C8429DCE1F3413D3003BBC58 /* Assets.xcassets in Resources */ = {isa = PBXBuildFile; fileRef = C8429DCD1F3413D3003BBC58 /* Assets.xcassets */; };
		C8429DD11F3413D3003BBC58 /* LaunchScreen.storyboard in Resources */ = {isa = PBXBuildFile; fileRef = C8429DCF1F3413D3003BBC58 /* LaunchScreen.storyboard */; };
		C8429DDC1F3413D3003BBC58 /* sideslipMenuTests.m in Sources */ = {isa = PBXBuildFile; fileRef = C8429DDB1F3413D3003BBC58 /* sideslipMenuTests.m */; };
		C8429DE71F3413D3003BBC58 /* sideslipMenuUITests.m in Sources */ = {isa = PBXBuildFile; fileRef = C8429DE61F3413D3003BBC58 /* sideslipMenuUITests.m */; };
		C8429DF61F341446003BBC58 /* SideslipController.m in Sources */ = {isa = PBXBuildFile; fileRef = C8429DF51F341446003BBC58 /* SideslipController.m */; };
		C8429DF91F341522003BBC58 /* SideslipMenuView.m in Sources */ = {isa = PBXBuildFile; fileRef = C8429DF81F341522003BBC58 /* SideslipMenuView.m */; };
		C8429DFC1F342605003BBC58 /* LeftSideslipView.m in Sources */ = {isa = PBXBuildFile; fileRef = C8429DFB1F342605003BBC58 /* LeftSideslipView.m */; };
		C8429E001F342EBA003BBC58 /* UIView+Frame.m in Sources */ = {isa = PBXBuildFile; fileRef = C8429DFF1F342EBA003BBC58 /* UIView+Frame.m */; };
/* End PBXBuildFile section */

/* Begin PBXContainerItemProxy section */
		C8429DD81F3413D3003BBC58 /* PBXContainerItemProxy */ = {
			isa = PBXContainerItemProxy;
			containerPortal = C8429DB61F3413D3003BBC58 /* Project object */;
			proxyType = 1;
			remoteGlobalIDString = C8429DBD1F3413D3003BBC58;
			remoteInfo = sideslipMenu;
		};
		C8429DE31F3413D3003BBC58 /* PBXContainerItemProxy */ = {
			isa = PBXContainerItemProxy;
			containerPortal = C8429DB61F3413D3003BBC58 /* Project object */;
			proxyType = 1;
			remoteGlobalIDString = C8429DBD1F3413D3003BBC58;
			remoteInfo = sideslipMenu;
		};
/* End PBXContainerItemProxy section */

/* Begin PBXFileReference section */
		C8429DBE1F3413D3003BBC58 /* sideslipMenu.app */ = {isa = PBXFileReference; explicitFileType = wrapper.application; includeInIndex = 0; path = sideslipMenu.app; sourceTree = BUILT_PRODUCTS_DIR; };
		C8429DC21F3413D3003BBC58 /* main.m */ = {isa = PBXFileReference; lastKnownFileType = sourcecode.c.objc; path = main.m; sourceTree = "<group>"; };
		C8429DC41F3413D3003BBC58 /* AppDelegate.h */ = {isa = PBXFileReference; lastKnownFileType = sourcecode.c.h; path = AppDelegate.h; sourceTree = "<group>"; };
		C8429DC51F3413D3003BBC58 /* AppDelegate.m */ = {isa = PBXFileReference; lastKnownFileType = sourcecode.c.objc; path = AppDelegate.m; sourceTree = "<group>"; };
		C8429DCD1F3413D3003BBC58 /* Assets.xcassets */ = {isa = PBXFileReference; lastKnownFileType = folder.assetcatalog; path = Assets.xcassets; sourceTree = "<group>"; };
		C8429DD01F3413D3003BBC58 /* Base */ = {isa = PBXFileReference; lastKnownFileType = file.storyboard; name = Base; path = Base.lproj/LaunchScreen.storyboard; sourceTree = "<group>"; };
		C8429DD21F3413D3003BBC58 /* Info.plist */ = {isa = PBXFileReference; lastKnownFileType = text.plist.xml; path = Info.plist; sourceTree = "<group>"; };
		C8429DD71F3413D3003BBC58 /* sideslipMenuTests.xctest */ = {isa = PBXFileReference; explicitFileType = wrapper.cfbundle; includeInIndex = 0; path = sideslipMenuTests.xctest; sourceTree = BUILT_PRODUCTS_DIR; };
		C8429DDB1F3413D3003BBC58 /* sideslipMenuTests.m */ = {isa = PBXFileReference; lastKnownFileType = sourcecode.c.objc; path = sideslipMenuTests.m; sourceTree = "<group>"; };
		C8429DDD1F3413D3003BBC58 /* Info.plist */ = {isa = PBXFileReference; lastKnownFileType = text.plist.xml; path = Info.plist; sourceTree = "<group>"; };
		C8429DE21F3413D3003BBC58 /* sideslipMenuUITests.xctest */ = {isa = PBXFileReference; explicitFileType = wrapper.cfbundle; includeInIndex = 0; path = sideslipMenuUITests.xctest; sourceTree = BUILT_PRODUCTS_DIR; };
		C8429DE61F3413D3003BBC58 /* sideslipMenuUITests.m */ = {isa = PBXFileReference; lastKnownFileType = sourcecode.c.objc; path = sideslipMenuUITests.m; sourceTree = "<group>"; };
		C8429DE81F3413D3003BBC58 /* Info.plist */ = {isa = PBXFileReference; lastKnownFileType = text.plist.xml; path = Info.plist; sourceTree = "<group>"; };
		C8429DF41F341446003BBC58 /* SideslipController.h */ = {isa = PBXFileReference; fileEncoding = 4; lastKnownFileType = sourcecode.c.h; path = SideslipController.h; sourceTree = "<group>"; };
		C8429DF51F341446003BBC58 /* SideslipController.m */ = {isa = PBXFileReference; fileEncoding = 4; lastKnownFileType = sourcecode.c.objc; path = SideslipController.m; sourceTree = "<group>"; };
		C8429DF71F341522003BBC58 /* SideslipMenuView.h */ = {isa = PBXFileReference; fileEncoding = 4; lastKnownFileType = sourcecode.c.h; path = SideslipMenuView.h; sourceTree = "<group>"; };
		C8429DF81F341522003BBC58 /* SideslipMenuView.m */ = {isa = PBXFileReference; fileEncoding = 4; lastKnownFileType = sourcecode.c.objc; path = SideslipMenuView.m; sourceTree = "<group>"; };
		C8429DFA1F342605003BBC58 /* LeftSideslipView.h */ = {isa = PBXFileReference; fileEncoding = 4; lastKnownFileType = sourcecode.c.h; path = LeftSideslipView.h; sourceTree = "<group>"; };
		C8429DFB1F342605003BBC58 /* LeftSideslipView.m */ = {isa = PBXFileReference; fileEncoding = 4; lastKnownFileType = sourcecode.c.objc; path = LeftSideslipView.m; sourceTree = "<group>"; };
		C8429DFD1F34263D003BBC58 /* SideslipConfig.pch */ = {isa = PBXFileReference; lastKnownFileType = sourcecode.c.h; path = SideslipConfig.pch; sourceTree = "<group>"; };
		C8429DFE1F342EBA003BBC58 /* UIView+Frame.h */ = {isa = PBXFileReference; fileEncoding = 4; lastKnownFileType = sourcecode.c.h; path = "UIView+Frame.h"; sourceTree = "<group>"; };
		C8429DFF1F342EBA003BBC58 /* UIView+Frame.m */ = {isa = PBXFileReference; fileEncoding = 4; lastKnownFileType = sourcecode.c.objc; path = "UIView+Frame.m"; sourceTree = "<group>"; };
/* End PBXFileReference section */

/* Begin PBXFrameworksBuildPhase section */
		C8429DBB1F3413D3003BBC58 /* Frameworks */ = {
			isa = PBXFrameworksBuildPhase;
			buildActionMask = 2147483647;
			files = (
			);
			runOnlyForDeploymentPostprocessing = 0;
		};
		C8429DD41F3413D3003BBC58 /* Frameworks */ = {
			isa = PBXFrameworksBuildPhase;
			buildActionMask = 2147483647;
			files = (
			);
			runOnlyForDeploymentPostprocessing = 0;
		};
		C8429DDF1F3413D3003BBC58 /* Frameworks */ = {
			isa = PBXFrameworksBuildPhase;
			buildActionMask = 2147483647;
			files = (
			);
			runOnlyForDeploymentPostprocessing = 0;
		};
/* End PBXFrameworksBuildPhase section */

/* Begin PBXGroup section */
		C8429DB51F3413D3003BBC58 = {
			isa = PBXGroup;
			children = (
				C8429DC01F3413D3003BBC58 /* sideslipMenu */,
				C8429DDA1F3413D3003BBC58 /* sideslipMenuTests */,
				C8429DE51F3413D3003BBC58 /* sideslipMenuUITests */,
				C8429DBF1F3413D3003BBC58 /* Products */,
			);
			sourceTree = "<group>";
		};
		C8429DBF1F3413D3003BBC58 /* Products */ = {
			isa = PBXGroup;
			children = (
				C8429DBE1F3413D3003BBC58 /* sideslipMenu.app */,
				C8429DD71F3413D3003BBC58 /* sideslipMenuTests.xctest */,
				C8429DE21F3413D3003BBC58 /* sideslipMenuUITests.xctest */,
			);
			name = Products;
			sourceTree = "<group>";
		};
		C8429DC01F3413D3003BBC58 /* sideslipMenu */ = {
			isa = PBXGroup;
			children = (
				C8429DC41F3413D3003BBC58 /* AppDelegate.h */,
				C8429DC51F3413D3003BBC58 /* AppDelegate.m */,
				C8429DCD1F3413D3003BBC58 /* Assets.xcassets */,
				C8429DCF1F3413D3003BBC58 /* LaunchScreen.storyboard */,
				C8429DD21F3413D3003BBC58 /* Info.plist */,
				C8429DC11F3413D3003BBC58 /* Supporting Files */,
				C8429DF41F341446003BBC58 /* SideslipController.h */,
				C8429DF51F341446003BBC58 /* SideslipController.m */,
				C8429DF71F341522003BBC58 /* SideslipMenuView.h */,
				C8429DF81F341522003BBC58 /* SideslipMenuView.m */,
				C8429DFA1F342605003BBC58 /* LeftSideslipView.h */,
				C8429DFB1F342605003BBC58 /* LeftSideslipView.m */,
				C8429DFE1F342EBA003BBC58 /* UIView+Frame.h */,
				C8429DFF1F342EBA003BBC58 /* UIView+Frame.m */,
			);
			path = sideslipMenu;
			sourceTree = "<group>";
		};
		C8429DC11F3413D3003BBC58 /* Supporting Files */ = {
			isa = PBXGroup;
			children = (
				C8429DFD1F34263D003BBC58 /* SideslipConfig.pch */,
				C8429DC21F3413D3003BBC58 /* main.m */,
			);
			name = "Supporting Files";
			sourceTree = "<group>";
		};
		C8429DDA1F3413D3003BBC58 /* sideslipMenuTests */ = {
			isa = PBXGroup;
			children = (
				C8429DDB1F3413D3003BBC58 /* sideslipMenuTests.m */,
				C8429DDD1F3413D3003BBC58 /* Info.plist */,
			);
			path = sideslipMenuTests;
			sourceTree = "<group>";
		};
		C8429DE51F3413D3003BBC58 /* sideslipMenuUITests */ = {
			isa = PBXGroup;
			children = (
				C8429DE61F3413D3003BBC58 /* sideslipMenuUITests.m */,
				C8429DE81F3413D3003BBC58 /* Info.plist */,
			);
			path = sideslipMenuUITests;
			sourceTree = "<group>";
		};
/* End PBXGroup section */

/* Begin PBXNativeTarget section */
		C8429DBD1F3413D3003BBC58 /* sideslipMenu */ = {
			isa = PBXNativeTarget;
			buildConfigurationList = C8429DEB1F3413D3003BBC58 /* Build configuration list for PBXNativeTarget "sideslipMenu" */;
			buildPhases = (
				C8429DBA1F3413D3003BBC58 /* Sources */,
				C8429DBB1F3413D3003BBC58 /* Frameworks */,
				C8429DBC1F3413D3003BBC58 /* Resources */,
			);
			buildRules = (
			);
			dependencies = (
			);
			name = sideslipMenu;
			productName = sideslipMenu;
			productReference = C8429DBE1F3413D3003BBC58 /* sideslipMenu.app */;
			productType = "com.apple.product-type.application";
		};
		C8429DD61F3413D3003BBC58 /* sideslipMenuTests */ = {
			isa = PBXNativeTarget;
			buildConfigurationList = C8429DEE1F3413D3003BBC58 /* Build configuration list for PBXNativeTarget "sideslipMenuTests" */;
			buildPhases = (
				C8429DD31F3413D3003BBC58 /* Sources */,
				C8429DD41F3413D3003BBC58 /* Frameworks */,
				C8429DD51F3413D3003BBC58 /* Resources */,
			);
			buildRules = (
			);
			dependencies = (
				C8429DD91F3413D3003BBC58 /* PBXTargetDependency */,
			);
			name = sideslipMenuTests;
			productName = sideslipMenuTests;
			productReference = C8429DD71F3413D3003BBC58 /* sideslipMenuTests.xctest */;
			productType = "com.apple.product-type.bundle.unit-test";
		};
		C8429DE11F3413D3003BBC58 /* sideslipMenuUITests */ = {
			isa = PBXNativeTarget;
			buildConfigurationList = C8429DF11F3413D3003BBC58 /* Build configuration list for PBXNativeTarget "sideslipMenuUITests" */;
			buildPhases = (
				C8429DDE1F3413D3003BBC58 /* Sources */,
				C8429DDF1F3413D3003BBC58 /* Frameworks */,
				C8429DE01F3413D3003BBC58 /* Resources */,
			);
			buildRules = (
			);
			dependencies = (
				C8429DE41F3413D3003BBC58 /* PBXTargetDependency */,
			);
			name = sideslipMenuUITests;
			productName = sideslipMenuUITests;
			productReference = C8429DE21F3413D3003BBC58 /* sideslipMenuUITests.xctest */;
			productType = "com.apple.product-type.bundle.ui-testing";
		};
/* End PBXNativeTarget section */

/* Begin PBXProject section */
		C8429DB61F3413D3003BBC58 /* Project object */ = {
			isa = PBXProject;
			attributes = {
				LastUpgradeCheck = 0830;
				ORGANIZATIONNAME = "刘冉";
				TargetAttributes = {
					C8429DBD1F3413D3003BBC58 = {
						CreatedOnToolsVersion = 8.3.3;
						DevelopmentTeam = 8HR7KN9336;
						ProvisioningStyle = Automatic;
					};
					C8429DD61F3413D3003BBC58 = {
						CreatedOnToolsVersion = 8.3.3;
						DevelopmentTeam = 8HR7KN9336;
						ProvisioningStyle = Automatic;
						TestTargetID = C8429DBD1F3413D3003BBC58;
					};
					C8429DE11F3413D3003BBC58 = {
						CreatedOnToolsVersion = 8.3.3;
						DevelopmentTeam = 8HR7KN9336;
						ProvisioningStyle = Automatic;
						TestTargetID = C8429DBD1F3413D3003BBC58;
					};
				};
			};
			buildConfigurationList = C8429DB91F3413D3003BBC58 /* Build configuration list for PBXProject "sideslipMenu" */;
			compatibilityVersion = "Xcode 3.2";
			developmentRegion = English;
			hasScannedForEncodings = 0;
			knownRegions = (
				en,
				Base,
			);
			mainGroup = C8429DB51F3413D3003BBC58;
			productRefGroup = C8429DBF1F3413D3003BBC58 /* Products */;
			projectDirPath = "";
			projectRoot = "";
			targets = (
				C8429DBD1F3413D3003BBC58 /* sideslipMenu */,
				C8429DD61F3413D3003BBC58 /* sideslipMenuTests */,
				C8429DE11F3413D3003BBC58 /* sideslipMenuUITests */,
			);
		};
/* End PBXProject section */

/* Begin PBXResourcesBuildPhase section */
		C8429DBC1F3413D3003BBC58 /* Resources */ = {
			isa = PBXResourcesBuildPhase;
			buildActionMask = 2147483647;
			files = (
				C8429DD11F3413D3003BBC58 /* LaunchScreen.storyboard in Resources */,
				C8429DCE1F3413D3003BBC58 /* Assets.xcassets in Resources */,
			);
			runOnlyForDeploymentPostprocessing = 0;
		};
		C8429DD51F3413D3003BBC58 /* Resources */ = {
			isa = PBXResourcesBuildPhase;
			buildActionMask = 2147483647;
			files = (
			);
			runOnlyForDeploymentPostprocessing = 0;
		};
		C8429DE01F3413D3003BBC58 /* Resources */ = {
			isa = PBXResourcesBuildPhase;
			buildActionMask = 2147483647;
			files = (
			);
			runOnlyForDeploymentPostprocessing = 0;
		};
/* End PBXResourcesBuildPhase section */

/* Begin PBXSourcesBuildPhase section */
		C8429DBA1F3413D3003BBC58 /* Sources */ = {
			isa = PBXSourcesBuildPhase;
			buildActionMask = 2147483647;
			files = (
				C8429E001F342EBA003BBC58 /* UIView+Frame.m in Sources */,
				C8429DFC1F342605003BBC58 /* LeftSideslipView.m in Sources */,
				C8429DC61F3413D3003BBC58 /* AppDelegate.m in Sources */,
				C8429DC31F3413D3003BBC58 /* main.m in Sources */,
				C8429DF91F341522003BBC58 /* SideslipMenuView.m in Sources */,
				C8429DF61F341446003BBC58 /* SideslipController.m in Sources */,
			);
			runOnlyForDeploymentPostprocessing = 0;
		};
		C8429DD31F3413D3003BBC58 /* Sources */ = {
			isa = PBXSourcesBuildPhase;
			buildActionMask = 2147483647;
			files = (
				C8429DDC1F3413D3003BBC58 /* sideslipMenuTests.m in Sources */,
			);
			runOnlyForDeploymentPostprocessing = 0;
		};
		C8429DDE1F3413D3003BBC58 /* Sources */ = {
			isa = PBXSourcesBuildPhase;
			buildActionMask = 2147483647;
			files = (
				C8429DE71F3413D3003BBC58 /* sideslipMenuUITests.m in Sources */,
			);
			runOnlyForDeploymentPostprocessing = 0;
		};
/* End PBXSourcesBuildPhase section */

/* Begin PBXTargetDependency section */
		C8429DD91F3413D3003BBC58 /* PBXTargetDependency */ = {
			isa = PBXTargetDependency;
			target = C8429DBD1F3413D3003BBC58 /* sideslipMenu */;
			targetProxy = C8429DD81F3413D3003BBC58 /* PBXContainerItemProxy */;
		};
		C8429DE41F3413D3003BBC58 /* PBXTargetDependency */ = {
			isa = PBXTargetDependency;
			target = C8429DBD1F3413D3003BBC58 /* sideslipMenu */;
			targetProxy = C8429DE31F3413D3003BBC58 /* PBXContainerItemProxy */;
		};
/* End PBXTargetDependency section */

/* Begin PBXVariantGroup section */
		C8429DCF1F3413D3003BBC58 /* LaunchScreen.storyboard */ = {
			isa = PBXVariantGroup;
			children = (
				C8429DD01F3413D3003BBC58 /* Base */,
			);
			name = LaunchScreen.storyboard;
			sourceTree = "<group>";
		};
/* End PBXVariantGroup section */

/* Begin XCBuildConfiguration section */
		C8429DE91F3413D3003BBC58 /* Debug */ = {
			isa = XCBuildConfiguration;
			buildSettings = {
				ALWAYS_SEARCH_USER_PATHS = NO;
				CLANG_ANALYZER_NONNULL = YES;
				CLANG_ANALYZER_NUMBER_OBJECT_CONVERSION = YES_AGGRESSIVE;
				CLANG_CXX_LANGUAGE_STANDARD = "gnu++0x";
				CLANG_CXX_LIBRARY = "libc++";
				CLANG_ENABLE_MODULES = YES;
				CLANG_ENABLE_OBJC_ARC = YES;
				CLANG_WARN_BOOL_CONVERSION = YES;
				CLANG_WARN_CONSTANT_CONVERSION = YES;
				CLANG_WARN_DIRECT_OBJC_ISA_USAGE = YES_ERROR;
				CLANG_WARN_DOCUMENTATION_COMMENTS = YES;
				CLANG_WARN_EMPTY_BODY = YES;
				CLANG_WARN_ENUM_CONVERSION = YES;
				CLANG_WARN_INFINITE_RECURSION = YES;
				CLANG_WARN_INT_CONVERSION = YES;
				CLANG_WARN_OBJC_ROOT_CLASS = YES_ERROR;
				CLANG_WARN_SUSPICIOUS_MOVE = YES;
				CLANG_WARN_UNREACHABLE_CODE = YES;
				CLANG_WARN__DUPLICATE_METHOD_MATCH = YES;
				"CODE_SIGN_IDENTITY[sdk=iphoneos*]" = "iPhone Developer";
				COPY_PHASE_STRIP = NO;
				DEBUG_INFORMATION_FORMAT = dwarf;
				ENABLE_STRICT_OBJC_MSGSEND = YES;
				ENABLE_TESTABILITY = YES;
				GCC_C_LANGUAGE_STANDARD = gnu99;
				GCC_DYNAMIC_NO_PIC = NO;
				GCC_NO_COMMON_BLOCKS = YES;
				GCC_OPTIMIZATION_LEVEL = 0;
				GCC_PREPROCESSOR_DEFINITIONS = (
					"DEBUG=1",
					"$(inherited)",
				);
				GCC_WARN_64_TO_32_BIT_CONVERSION = YES;
				GCC_WARN_ABOUT_RETURN_TYPE = YES_ERROR;
				GCC_WARN_UNDECLARED_SELECTOR = YES;
				GCC_WARN_UNINITIALIZED_AUTOS = YES_AGGRESSIVE;
				GCC_WARN_UNUSED_FUNCTION = YES;
				GCC_WARN_UNUSED_VARIABLE = YES;
				IPHONEOS_DEPLOYMENT_TARGET = 10.3;
				MTL_ENABLE_DEBUG_INFO = YES;
				ONLY_ACTIVE_ARCH = YES;
				SDKROOT = iphoneos;
				TARGETED_DEVICE_FAMILY = "1,2";
			};
			name = Debug;
		};
		C8429DEA1F3413D3003BBC58 /* Release */ = {
			isa = XCBuildConfiguration;
			buildSettings = {
				ALWAYS_SEARCH_USER_PATHS = NO;
				CLANG_ANALYZER_NONNULL = YES;
				CLANG_ANALYZER_NUMBER_OBJECT_CONVERSION = YES_AGGRESSIVE;
				CLANG_CXX_LANGUAGE_STANDARD = "gnu++0x";
				CLANG_CXX_LIBRARY = "libc++";
				CLANG_ENABLE_MODULES = YES;
				CLANG_ENABLE_OBJC_ARC = YES;
				CLANG_WARN_BOOL_CONVERSION = YES;
				CLANG_WARN_CONSTANT_CONVERSION = YES;
				CLANG_WARN_DIRECT_OBJC_ISA_USAGE = YES_ERROR;
				CLANG_WARN_DOCUMENTATION_COMMENTS = YES;
				CLANG_WARN_EMPTY_BODY = YES;
				CLANG_WARN_ENUM_CONVERSION = YES;
				CLANG_WARN_INFINITE_RECURSION = YES;
				CLANG_WARN_INT_CONVERSION = YES;
				CLANG_WARN_OBJC_ROOT_CLASS = YES_ERROR;
				CLANG_WARN_SUSPICIOUS_MOVE = YES;
				CLANG_WARN_UNREACHABLE_CODE = YES;
				CLANG_WARN__DUPLICATE_METHOD_MATCH = YES;
				"CODE_SIGN_IDENTITY[sdk=iphoneos*]" = "iPhone Developer";
				COPY_PHASE_STRIP = NO;
				DEBUG_INFORMATION_FORMAT = "dwarf-with-dsym";
				ENABLE_NS_ASSERTIONS = NO;
				ENABLE_STRICT_OBJC_MSGSEND = YES;
				GCC_C_LANGUAGE_STANDARD = gnu99;
				GCC_NO_COMMON_BLOCKS = YES;
				GCC_WARN_64_TO_32_BIT_CONVERSION = YES;
				GCC_WARN_ABOUT_RETURN_TYPE = YES_ERROR;
				GCC_WARN_UNDECLARED_SELECTOR = YES;
				GCC_WARN_UNINITIALIZED_AUTOS = YES_AGGRESSIVE;
				GCC_WARN_UNUSED_FUNCTION = YES;
				GCC_WARN_UNUSED_VARIABLE = YES;
				IPHONEOS_DEPLOYMENT_TARGET = 10.3;
				MTL_ENABLE_DEBUG_INFO = NO;
				SDKROOT = iphoneos;
				TARGETED_DEVICE_FAMILY = "1,2";
				VALIDATE_PRODUCT = YES;
			};
			name = Release;
		};
		C8429DEC1F3413D3003BBC58 /* Debug */ = {
			isa = XCBuildConfiguration;
			buildSettings = {
				ASSETCATALOG_COMPILER_APPICON_NAME = AppIcon;
				DEVELOPMENT_TEAM = 8HR7KN9336;
				GCC_PRECOMPILE_PREFIX_HEADER = YES;
				GCC_PREFIX_HEADER = "$(SRCROOT)/sideslipMenu/SideslipConfig.pch";
				INFOPLIST_FILE = sideslipMenu/Info.plist;
				IPHONEOS_DEPLOYMENT_TARGET = 8.0;
				LD_RUNPATH_SEARCH_PATHS = "$(inherited) @executable_path/Frameworks";
				PRODUCT_BUNDLE_IDENTIFIER = LRCY.sideslipMenu;
				PRODUCT_NAME = "$(TARGET_NAME)";
			};
			name = Debug;
		};
		C8429DED1F3413D3003BBC58 /* Release */ = {
			isa = XCBuildConfiguration;
			buildSettings = {
				ASSETCATALOG_COMPILER_APPICON_NAME = AppIcon;
				DEVELOPMENT_TEAM = 8HR7KN9336;
				GCC_PRECOMPILE_PREFIX_HEADER = YES;
				GCC_PREFIX_HEADER = "$(SRCROOT)/sideslipMenu/SideslipConfig.pch";
				INFOPLIST_FILE = sideslipMenu/Info.plist;
				IPHONEOS_DEPLOYMENT_TARGET = 8.0;
				LD_RUNPATH_SEARCH_PATHS = "$(inherited) @executable_path/Frameworks";
				PRODUCT_BUNDLE_IDENTIFIER = LRCY.sideslipMenu;
				PRODUCT_NAME = "$(TARGET_NAME)";
			};
			name = Release;
		};
		C8429DEF1F3413D3003BBC58 /* Debug */ = {
			isa = XCBuildConfiguration;
			buildSettings = {
				BUNDLE_LOADER = "$(TEST_HOST)";
				DEVELOPMENT_TEAM = 8HR7KN9336;
				INFOPLIST_FILE = sideslipMenuTests/Info.plist;
				LD_RUNPATH_SEARCH_PATHS = "$(inherited) @executable_path/Frameworks @loader_path/Frameworks";
				PRODUCT_BUNDLE_IDENTIFIER = LRCY.sideslipMenuTests;
				PRODUCT_NAME = "$(TARGET_NAME)";
				TEST_HOST = "$(BUILT_PRODUCTS_DIR)/sideslipMenu.app/sideslipMenu";
			};
			name = Debug;
		};
		C8429DF01F3413D3003BBC58 /* Release */ = {
			isa = XCBuildConfiguration;
			buildSettings = {
				BUNDLE_LOADER = "$(TEST_HOST)";
				DEVELOPMENT_TEAM = 8HR7KN9336;
				INFOPLIST_FILE = sideslipMenuTests/Info.plist;
				LD_RUNPATH_SEARCH_PATHS = "$(inherited) @executable_path/Frameworks @loader_path/Frameworks";
				PRODUCT_BUNDLE_IDENTIFIER = LRCY.sideslipMenuTests;
				PRODUCT_NAME = "$(TARGET_NAME)";
				TEST_HOST = "$(BUILT_PRODUCTS_DIR)/sideslipMenu.app/sideslipMenu";
			};
			name = Release;
		};
		C8429DF21F3413D3003BBC58 /* Debug */ = {
			isa = XCBuildConfiguration;
			buildSettings = {
				DEVELOPMENT_TEAM = 8HR7KN9336;
				INFOPLIST_FILE = sideslipMenuUITests/Info.plist;
				LD_RUNPATH_SEARCH_PATHS = "$(inherited) @executable_path/Frameworks @loader_path/Frameworks";
				PRODUCT_BUNDLE_IDENTIFIER = LRCY.sideslipMenuUITests;
				PRODUCT_NAME = "$(TARGET_NAME)";
				TEST_TARGET_NAME = sideslipMenu;
			};
			name = Debug;
		};
		C8429DF31F3413D3003BBC58 /* Release */ = {
			isa = XCBuildConfiguration;
			buildSettings = {
				DEVELOPMENT_TEAM = 8HR7KN9336;
				INFOPLIST_FILE = sideslipMenuUITests/Info.plist;
				LD_RUNPATH_SEARCH_PATHS = "$(inherited) @executable_path/Frameworks @loader_path/Frameworks";
				PRODUCT_BUNDLE_IDENTIFIER = LRCY.sideslipMenuUITests;
				PRODUCT_NAME = "$(TARGET_NAME)";
				TEST_TARGET_NAME = sideslipMenu;
			};
			name = Release;
		};
/* End XCBuildConfiguration section */

/* Begin XCConfigurationList section */
		C8429DB91F3413D3003BBC58 /* Build configuration list for PBXProject "sideslipMenu" */ = {
			isa = XCConfigurationList;
			buildConfigurations = (
				C8429DE91F3413D3003BBC58 /* Debug */,
				C8429DEA1F3413D3003BBC58 /* Release */,
			);
			defaultConfigurationIsVisible = 0;
			defaultConfigurationName = Release;
		};
		C8429DEB1F3413D3003BBC58 /* Build configuration list for PBXNativeTarget "sideslipMenu" */ = {
			isa = XCConfigurationList;
			buildConfigurations = (
				C8429DEC1F3413D3003BBC58 /* Debug */,
				C8429DED1F3413D3003BBC58 /* Release */,
			);
			defaultConfigurationIsVisible = 0;
		};
		C8429DEE1F3413D3003BBC58 /* Build configuration list for PBXNativeTarget "sideslipMenuTests" */ = {
			isa = XCConfigurationList;
			buildConfigurations = (
				C8429DEF1F3413D3003BBC58 /* Debug */,
				C8429DF01F3413D3003BBC58 /* Release */,
			);
			defaultConfigurationIsVisible = 0;
		};
		C8429DF11F3413D3003BBC58 /* Build configuration list for PBXNativeTarget "sideslipMenuUITests" */ = {
			isa = XCConfigurationList;
			buildConfigurations = (
				C8429DF21F3413D3003BBC58 /* Debug */,
				C8429DF31F3413D3003BBC58 /* Release */,
			);
			defaultConfigurationIsVisible = 0;
		};
/* End XCConfigurationList section */
	};
	rootObject = C8429DB61F3413D3003BBC58 /* Project object */;
}
